
Microsoft Visual Studio Solution File, Format Version 12.00
# Visual Studio Version 17
VisualStudioVersion = 17.7.34202.233
MinimumVisualStudioVersion = 10.0.40219.1
Project("{FAE04EC0-301F-11D3-BF4B-00C04F79EFBC}") = "AirportTicketBookingSystem", "AirportTicketBookingSystem.csproj", "{3AC7B6D6-DD11-4A8B-A101-FFDA90A1CF0C}"
EndProject
Global
	GlobalSection(SolutionConfigurationPlatforms) = preSolution
		Debug|Any CPU = Debug|Any CPU
		Release|Any CPU = Release|Any CPU
	EndGlobalSection
	GlobalSection(ProjectConfigurationPlatforms) = postSolution
		{3AC7B6D6-DD11-4A8B-A101-FFDA90A1CF0C}.Debug|Any CPU.ActiveCfg = Debug|Any CPU
		{3AC7B6D6-DD11-4A8B-A101-FFDA90A1CF0C}.Debug|Any CPU.Build.0 = Debug|Any CPU
		{3AC7B6D6-DD11-4A8B-A101-FFDA90A1CF0C}.Release|Any CPU.ActiveCfg = Release|Any CPU
		{3AC7B6D6-DD11-4A8B-A101-FFDA90A1CF0C}.Release|Any CPU.Build.0 = Release|Any CPU
	EndGlobalSection
	GlobalSection(SolutionProperties) = preSolution
		HideSolutionNode = FALSE
	EndGlobalSection
	GlobalSection(ExtensibilityGlobals) = postSolution
		SolutionGuid = {D65C3E98-336A-4682-B885-B7BAD1EE44F7}
	EndGlobalSection
EndGlobal
